# This file was autogenerated by Stack.
# You should not edit this file by hand.
# For more information, please see the documentation at:
#   https://docs.haskellstack.org/en/stable/lock_files

packages:
- completed:
    size: 10246
    subdir: .
    url: https://github.com/carassius1014/praeludium/archive/e51d8a74cb95496a6901688f0be397c9648d9177.tar.gz
    name: praeludium
    version: 0.0.0
    sha256: 3195a406cee2eb9ba76e2bb7fefbf65942d9c81a98e20899f35fa5a0a3025074
    pantry-tree:
      size: 1563
      sha256: 48b00f953c1597a2ca6343dafd98b381d0749a69e2c911fa354bcff77634e1a1
  original:
    subdir: .
    url: https://github.com/carassius1014/praeludium/archive/e51d8a74cb95496a6901688f0be397c9648d9177.tar.gz
- completed:
    size: 10246
    subdir: optics
    url: https://github.com/carassius1014/praeludium/archive/e51d8a74cb95496a6901688f0be397c9648d9177.tar.gz
    name: praeludium-optics
    version: 0.0.0
    sha256: 3195a406cee2eb9ba76e2bb7fefbf65942d9c81a98e20899f35fa5a0a3025074
    pantry-tree:
      size: 185
      sha256: 9f43740788baad50641d8e212891de22993c355405db7bf3dd831552b570cb72
  original:
    subdir: optics
    url: https://github.com/carassius1014/praeludium/archive/e51d8a74cb95496a6901688f0be397c9648d9177.tar.gz
snapshots:
- completed:
    size: 567672
    url: https://raw.githubusercontent.com/commercialhaskell/stackage-snapshots/master/lts/17/11.yaml
    sha256: 03181cdbeb671eb605bbcf6f285bea4d094b6ac7433a0e14a9f1dd54ad995938
  original: lts-17.11
