# This file was autogenerated by Stack.
# You should not edit this file by hand.
# For more information, please see the documentation at:
#   https://docs.haskellstack.org/en/stable/lock_files

packages:
- completed:
    hackage: docker-0.6.0.5@sha256:8dbffa649e19880b0ecbe9fc28dfc0e8e2b03e5e810a804f388006317f240646,4044
    pantry-tree:
      size: 654
      sha256: 111182acfa7e7f711890f04c676bb997ca2ccbef2a9e5cb5d10d804ebba3c996
  original:
    hackage: docker-0.6.0.5@sha256:8dbffa649e19880b0ecbe9fc28dfc0e8e2b03e5e810a804f388006317f240646,4044
snapshots:
- completed:
    size: 585393
    url: https://raw.githubusercontent.com/commercialhaskell/stackage-snapshots/master/lts/18/0.yaml
    sha256: c632012da648385b9fa3c29f4e0afd56ead299f1c5528ee789058be410e883c0
  original: lts-18.0
